// !$*UTF8*$!
{
	archiveVersion = 1;
	classes = {
	};
	objectVersion = 46;
	objects = {

/* Begin PBXBuildFile section */
		010BA10C1DB3C3DE00C59048 /* libglfw3.3.2.dylib in Frameworks */ = {isa = PBXBuildFile; fileRef = 010BA10B1DB3C3DE00C59048 /* libglfw3.3.2.dylib */; };
		01160E8C1B48D39B00632D5F /* GameWindow.cpp in Sources */ = {isa = PBXBuildFile; fileRef = 01160E8A1B48D39B00632D5F /* GameWindow.cpp */; };
		013B00F11B432FA000D1D0B3 /* main.cpp in Sources */ = {isa = PBXBuildFile; fileRef = 013B00F01B432FA000D1D0B3 /* main.cpp */; };
		013C12361BB46C1900EF5229 /* libIL.1.dylib in Frameworks */ = {isa = PBXBuildFile; fileRef = 013C12351BB46C1900EF5229 /* libIL.1.dylib */; };
		016C5DB51B47312F00F376F2 /* OpenGL.framework in Frameworks */ = {isa = PBXBuildFile; fileRef = 016C5DB41B47312F00F376F2 /* OpenGL.framework */; };
		017295E41B544F590006D8DD /* GameCamera.cpp in Sources */ = {isa = PBXBuildFile; fileRef = 017295E21B544F590006D8DD /* GameCamera.cpp */; };
		017C17401BA4D2B40031F1B9 /* texture_shader.fsh in CopyFiles */ = {isa = PBXBuildFile; fileRef = 017C173E1BA4CD680031F1B9 /* texture_shader.fsh */; };
		017C17411BA4D2B60031F1B9 /* texture_shader.vsh in CopyFiles */ = {isa = PBXBuildFile; fileRef = 017C173F1BA4CDE80031F1B9 /* texture_shader.vsh */; };
		018706E61B5D4BBB00ABFDAE /* GameInputManager.cpp in Sources */ = {isa = PBXBuildFile; fileRef = 018706E41B5D4BBB00ABFDAE /* GameInputManager.cpp */; };
		01C8CCE21B4C7E6F00D17B17 /* Texture.cpp in Sources */ = {isa = PBXBuildFile; fileRef = 01C8CCE01B4C7E6F00D17B17 /* Texture.cpp */; };
		01C8CCEA1B4C80BD00D17B17 /* GameDrawable.cpp in Sources */ = {isa = PBXBuildFile; fileRef = 01C8CCE41B4C80AE00D17B17 /* GameDrawable.cpp */; };
		01C8CCEB1B4C80BD00D17B17 /* GameObject.cpp in Sources */ = {isa = PBXBuildFile; fileRef = 01C8CCE61B4C80AE00D17B17 /* GameObject.cpp */; };
		01C8CCEC1B4C80BD00D17B17 /* Shapes.cpp in Sources */ = {isa = PBXBuildFile; fileRef = 01C8CCE81B4C80AE00D17B17 /* Shapes.cpp */; };
		01CF75231B45C40B003BAB83 /* shader.cpp in Sources */ = {isa = PBXBuildFile; fileRef = 01CF75211B45C40B003BAB83 /* shader.cpp */; };
		01CF75271B45C631003BAB83 /* singlecolor.fsh in CopyFiles */ = {isa = PBXBuildFile; fileRef = 01CF75251B45C51B003BAB83 /* singlecolor.fsh */; };
		01CF75281B45C634003BAB83 /* simpletransform.vsh in CopyFiles */ = {isa = PBXBuildFile; fileRef = 01CF75261B45C54D003BAB83 /* simpletransform.vsh */; };
		01D7BB2E1B4D4FD400AAC8AE /* GameDrawable.cpp in Sources */ = {isa = PBXBuildFile; fileRef = 01C8CCE41B4C80AE00D17B17 /* GameDrawable.cpp */; };
		01D7BB2F1B4D4FD400AAC8AE /* GameObject.cpp in Sources */ = {isa = PBXBuildFile; fileRef = 01C8CCE61B4C80AE00D17B17 /* GameObject.cpp */; };
		01D7BB301B4D4FD400AAC8AE /* Shapes.cpp in Sources */ = {isa = PBXBuildFile; fileRef = 01C8CCE81B4C80AE00D17B17 /* Shapes.cpp */; };
		01D7BB311B4D4FD400AAC8AE /* Texture.cpp in Sources */ = {isa = PBXBuildFile; fileRef = 01C8CCE01B4C7E6F00D17B17 /* Texture.cpp */; };
		01D7BB321B4D4FD400AAC8AE /* GameWindow.cpp in Sources */ = {isa = PBXBuildFile; fileRef = 01160E8A1B48D39B00632D5F /* GameWindow.cpp */; };
		01D7BB331B4D4FD400AAC8AE /* shader.cpp in Sources */ = {isa = PBXBuildFile; fileRef = 01CF75211B45C40B003BAB83 /* shader.cpp */; };
		01D7BB341B4D4FDE00AAC8AE /* OpenGL.framework in Frameworks */ = {isa = PBXBuildFile; fileRef = 016C5DB41B47312F00F376F2 /* OpenGL.framework */; };
		01D7BB381B4D6A7700AAC8AE /* ShaderProgram.cpp in Sources */ = {isa = PBXBuildFile; fileRef = 01D7BB361B4D6A7700AAC8AE /* ShaderProgram.cpp */; };
		01D7BB391B4D6A7700AAC8AE /* ShaderProgram.cpp in Sources */ = {isa = PBXBuildFile; fileRef = 01D7BB361B4D6A7700AAC8AE /* ShaderProgram.cpp */; };
		01D7BBAB1B4EBD9600AAC8AE /* GameEvent.cpp in Sources */ = {isa = PBXBuildFile; fileRef = 01D7BBA91B4EBD9600AAC8AE /* GameEvent.cpp */; };
		01D7BBAC1B4EBD9600AAC8AE /* GameEvent.cpp in Sources */ = {isa = PBXBuildFile; fileRef = 01D7BBA91B4EBD9600AAC8AE /* GameEvent.cpp */; };
		01E9C7A91BA34BEF0034496F /* GameComponent.cpp in Sources */ = {isa = PBXBuildFile; fileRef = 01E9C7A71BA34BEF0034496F /* GameComponent.cpp */; };
/* End PBXBuildFile section */

/* Begin PBXCopyFilesBuildPhase section */
		013B00EB1B432FA000D1D0B3 /* CopyFiles */ = {
			isa = PBXCopyFilesBuildPhase;
			buildActionMask = 12;
			dstPath = res;
			dstSubfolderSpec = 7;
			files = (
				01CF75271B45C631003BAB83 /* singlecolor.fsh in CopyFiles */,
				01CF75281B45C634003BAB83 /* simpletransform.vsh in CopyFiles */,
				017C17411BA4D2B60031F1B9 /* texture_shader.vsh in CopyFiles */,
				017C17401BA4D2B40031F1B9 /* texture_shader.fsh in CopyFiles */,
			);
			runOnlyForDeploymentPostprocessing = 0;
		};
/* End PBXCopyFilesBuildPhase section */

/* Begin PBXFileReference section */
		01013F8E1B4CC9C40012E097 /* Core.h */ = {isa = PBXFileReference; fileEncoding = 4; lastKnownFileType = sourcecode.c.h; path = Core.h; sourceTree = "<group>"; };
		010BA10B1DB3C3DE00C59048 /* libglfw3.3.2.dylib */ = {isa = PBXFileReference; lastKnownFileType = "compiled.mach-o.dylib"; name = libglfw3.3.2.dylib; path = ../../../../../../../usr/local/Cellar/glfw3/3.2.1/lib/libglfw3.3.2.dylib; sourceTree = "<group>"; };
		01160E8A1B48D39B00632D5F /* GameWindow.cpp */ = {isa = PBXFileReference; fileEncoding = 4; lastKnownFileType = sourcecode.cpp.cpp; path = GameWindow.cpp; sourceTree = "<group>"; };
		01160E8B1B48D39B00632D5F /* GameWindow.h */ = {isa = PBXFileReference; fileEncoding = 4; lastKnownFileType = sourcecode.c.h; path = GameWindow.h; sourceTree = "<group>"; };
		013B00ED1B432FA000D1D0B3 /* OpenGLGame */ = {isa = PBXFileReference; explicitFileType = "compiled.mach-o.executable"; includeInIndex = 0; path = OpenGameEngine; sourceTree = BUILT_PRODUCTS_DIR; };
		013B00F01B432FA000D1D0B3 /* main.cpp */ = {isa = PBXFileReference; lastKnownFileType = sourcecode.cpp.cpp; path = main.cpp; sourceTree = "<group>"; };
		013C12351BB46C1900EF5229 /* libIL.1.dylib */ = {isa = PBXFileReference; lastKnownFileType = "compiled.mach-o.dylib"; name = libIL.1.dylib; path = ../../../../../../../opt/local/lib/libIL.1.dylib; sourceTree = "<group>"; };
		016C5DB41B47312F00F376F2 /* OpenGL.framework */ = {isa = PBXFileReference; lastKnownFileType = wrapper.framework; name = OpenGL.framework; path = System/Library/Frameworks/OpenGL.framework; sourceTree = SDKROOT; };
		017295E21B544F590006D8DD /* GameCamera.cpp */ = {isa = PBXFileReference; fileEncoding = 4; lastKnownFileType = sourcecode.cpp.cpp; path = GameCamera.cpp; sourceTree = "<group>"; };
		017295E31B544F590006D8DD /* GameCamera.h */ = {isa = PBXFileReference; fileEncoding = 4; lastKnownFileType = sourcecode.c.h; path = GameCamera.h; sourceTree = "<group>"; };
		017C173E1BA4CD680031F1B9 /* texture_shader.fsh */ = {isa = PBXFileReference; fileEncoding = 4; lastKnownFileType = sourcecode.glsl; name = texture_shader.fsh; path = shaders/texture_shader.fsh; sourceTree = "<group>"; };
		017C173F1BA4CDE80031F1B9 /* texture_shader.vsh */ = {isa = PBXFileReference; fileEncoding = 4; lastKnownFileType = sourcecode.glsl; name = texture_shader.vsh; path = shaders/texture_shader.vsh; sourceTree = "<group>"; };
		018706E41B5D4BBB00ABFDAE /* GameInputManager.cpp */ = {isa = PBXFileReference; fileEncoding = 4; lastKnownFileType = sourcecode.cpp.cpp; name = GameInputManager.cpp; path = Events/GameInputManager.cpp; sourceTree = "<group>"; };
		018706E51B5D4BBB00ABFDAE /* GameInputManager.h */ = {isa = PBXFileReference; fileEncoding = 4; lastKnownFileType = sourcecode.c.h; name = GameInputManager.h; path = Events/GameInputManager.h; sourceTree = "<group>"; };
		01C8CCE01B4C7E6F00D17B17 /* Texture.cpp */ = {isa = PBXFileReference; fileEncoding = 4; lastKnownFileType = sourcecode.cpp.cpp; name = Texture.cpp; path = Graphics/Texture.cpp; sourceTree = "<group>"; };
		01C8CCE11B4C7E6F00D17B17 /* Texture.h */ = {isa = PBXFileReference; fileEncoding = 4; lastKnownFileType = sourcecode.c.h; name = Texture.h; path = Graphics/Texture.h; sourceTree = "<group>"; };
		01C8CCE41B4C80AE00D17B17 /* GameDrawable.cpp */ = {isa = PBXFileReference; lastKnownFileType = sourcecode.cpp.cpp; path = GameDrawable.cpp; sourceTree = "<group>"; };
		01C8CCE51B4C80AE00D17B17 /* GameDrawable.h */ = {isa = PBXFileReference; lastKnownFileType = sourcecode.c.h; path = GameDrawable.h; sourceTree = "<group>"; };
		01C8CCE61B4C80AE00D17B17 /* GameObject.cpp */ = {isa = PBXFileReference; lastKnownFileType = sourcecode.cpp.cpp; path = GameObject.cpp; sourceTree = "<group>"; };
		01C8CCE71B4C80AE00D17B17 /* GameObject.h */ = {isa = PBXFileReference; lastKnownFileType = sourcecode.c.h; path = GameObject.h; sourceTree = "<group>"; };
		01C8CCE81B4C80AE00D17B17 /* Shapes.cpp */ = {isa = PBXFileReference; lastKnownFileType = sourcecode.cpp.cpp; path = Shapes.cpp; sourceTree = "<group>"; };
		01C8CCE91B4C80AE00D17B17 /* Shapes.h */ = {isa = PBXFileReference; lastKnownFileType = sourcecode.c.h; path = Shapes.h; sourceTree = "<group>"; };
		01CF75211B45C40B003BAB83 /* shader.cpp */ = {isa = PBXFileReference; fileEncoding = 4; lastKnownFileType = sourcecode.cpp.cpp; path = shader.cpp; sourceTree = "<group>"; };
		01CF75221B45C40B003BAB83 /* shader.hpp */ = {isa = PBXFileReference; fileEncoding = 4; lastKnownFileType = sourcecode.cpp.h; path = shader.hpp; sourceTree = "<group>"; };
		01CF75251B45C51B003BAB83 /* singlecolor.fsh */ = {isa = PBXFileReference; fileEncoding = 4; lastKnownFileType = sourcecode.glsl; name = singlecolor.fsh; path = shaders/singlecolor.fsh; sourceTree = "<group>"; };
		01CF75261B45C54D003BAB83 /* simpletransform.vsh */ = {isa = PBXFileReference; fileEncoding = 4; lastKnownFileType = sourcecode.glsl; name = simpletransform.vsh; path = shaders/simpletransform.vsh; sourceTree = "<group>"; };
		01D7BB271B4D4FAC00AAC8AE /* OpenGameEngine.bundle */ = {isa = PBXFileReference; explicitFileType = wrapper.cfbundle; includeInIndex = 0; path = OpenGameEngine.bundle; sourceTree = BUILT_PRODUCTS_DIR; };
		01D7BB2A1B4D4FAC00AAC8AE /* Info.plist */ = {isa = PBXFileReference; lastKnownFileType = text.plist.xml; path = Info.plist; sourceTree = "<group>"; };
		01D7BB361B4D6A7700AAC8AE /* ShaderProgram.cpp */ = {isa = PBXFileReference; fileEncoding = 4; lastKnownFileType = sourcecode.cpp.cpp; name = ShaderProgram.cpp; path = Utils/ShaderProgram.cpp; sourceTree = "<group>"; };
		01D7BB371B4D6A7700AAC8AE /* ShaderProgram.h */ = {isa = PBXFileReference; fileEncoding = 4; lastKnownFileType = sourcecode.c.h; name = ShaderProgram.h; path = Utils/ShaderProgram.h; sourceTree = "<group>"; };
		01D7BBA91B4EBD9600AAC8AE /* GameEvent.cpp */ = {isa = PBXFileReference; fileEncoding = 4; lastKnownFileType = sourcecode.cpp.cpp; name = GameEvent.cpp; path = Events/GameEvent.cpp; sourceTree = "<group>"; };
		01D7BBAA1B4EBD9600AAC8AE /* GameEvent.h */ = {isa = PBXFileReference; fileEncoding = 4; lastKnownFileType = sourcecode.c.h; name = GameEvent.h; path = Events/GameEvent.h; sourceTree = "<group>"; };
		01E3F1741DB3C0F9005E4971 /* libglfw3.a */ = {isa = PBXFileReference; lastKnownFileType = archive.ar; name = libglfw3.a; path = ../../../../../../../usr/local/lib/libglfw3.a; sourceTree = "<group>"; };
		01E9C7A71BA34BEF0034496F /* GameComponent.cpp */ = {isa = PBXFileReference; fileEncoding = 4; lastKnownFileType = sourcecode.cpp.cpp; path = GameComponent.cpp; sourceTree = "<group>"; };
		01E9C7A81BA34BEF0034496F /* GameComponent.h */ = {isa = PBXFileReference; fileEncoding = 4; lastKnownFileType = sourcecode.c.h; path = GameComponent.h; sourceTree = "<group>"; };
/* End PBXFileReference section */

/* Begin PBXFrameworksBuildPhase section */
		013B00EA1B432FA000D1D0B3 /* Frameworks */ = {
			isa = PBXFrameworksBuildPhase;
			buildActionMask = 2147483647;
			files = (
				010BA10C1DB3C3DE00C59048 /* libglfw3.3.2.dylib in Frameworks */,
				013C12361BB46C1900EF5229 /* libIL.1.dylib in Frameworks */,
				016C5DB51B47312F00F376F2 /* OpenGL.framework in Frameworks */,
			);
			runOnlyForDeploymentPostprocessing = 0;
		};
		01D7BB241B4D4FAC00AAC8AE /* Frameworks */ = {
			isa = PBXFrameworksBuildPhase;
			buildActionMask = 2147483647;
			files = (
				01D7BB341B4D4FDE00AAC8AE /* OpenGL.framework in Frameworks */,
			);
			runOnlyForDeploymentPostprocessing = 0;
		};
/* End PBXFrameworksBuildPhase section */

/* Begin PBXGroup section */
		013B00E41B432FA000D1D0B3 = {
			isa = PBXGroup;
			children = (
				013C12351BB46C1900EF5229 /* libIL.1.dylib */,
				016C5DB41B47312F00F376F2 /* OpenGL.framework */,
				013B00EF1B432FA000D1D0B3 /* OpenGLGame */,
				01D7BB281B4D4FAC00AAC8AE /* OpenGameEngine */,
				013B00EE1B432FA000D1D0B3 /* Products */,
				01E3F1731DB3C0F9005E4971 /* Frameworks */,
			);
			sourceTree = "<group>";
		};
		013B00EE1B432FA000D1D0B3 /* Products */ = {
			isa = PBXGroup;
			children = (
				013B00ED1B432FA000D1D0B3 /* OpenGLGame */,
				01D7BB271B4D4FAC00AAC8AE /* OpenGameEngine.bundle */,
			);
			name = Products;
			sourceTree = "<group>";
		};
		013B00EF1B432FA000D1D0B3 /* OpenGLGame */ = {
			isa = PBXGroup;
			children = (
				01C8CCDD1B4C75CA00D17B17 /* Core */,
				01CF75241B45C47C003BAB83 /* Shaders */,
				01CF75201B45C405003BAB83 /* Utils */,
				013B00F01B432FA000D1D0B3 /* main.cpp */,
			);
			path = OpenGameEngine;
			sourceTree = "<group>";
		};
		01C8CCDD1B4C75CA00D17B17 /* Core */ = {
			isa = PBXGroup;
			children = (
				01D7BBA81B4EBD6C00AAC8AE /* Events */,
				01C8CCE31B4C80AE00D17B17 /* Objects */,
				01C8CCDF1B4C7E5B00D17B17 /* Graphics */,
				01160E8A1B48D39B00632D5F /* GameWindow.cpp */,
				01160E8B1B48D39B00632D5F /* GameWindow.h */,
				01013F8E1B4CC9C40012E097 /* Core.h */,
			);
			name = Core;
			sourceTree = "<group>";
		};
		01C8CCDF1B4C7E5B00D17B17 /* Graphics */ = {
			isa = PBXGroup;
			children = (
				01C8CCE01B4C7E6F00D17B17 /* Texture.cpp */,
				01C8CCE11B4C7E6F00D17B17 /* Texture.h */,
			);
			name = Graphics;
			sourceTree = "<group>";
		};
		01C8CCE31B4C80AE00D17B17 /* Objects */ = {
			isa = PBXGroup;
			children = (
				01C8CCE41B4C80AE00D17B17 /* GameDrawable.cpp */,
				01C8CCE51B4C80AE00D17B17 /* GameDrawable.h */,
				01C8CCE61B4C80AE00D17B17 /* GameObject.cpp */,
				01C8CCE71B4C80AE00D17B17 /* GameObject.h */,
				01C8CCE81B4C80AE00D17B17 /* Shapes.cpp */,
				01C8CCE91B4C80AE00D17B17 /* Shapes.h */,
				017295E21B544F590006D8DD /* GameCamera.cpp */,
				017295E31B544F590006D8DD /* GameCamera.h */,
				01E9C7A71BA34BEF0034496F /* GameComponent.cpp */,
				01E9C7A81BA34BEF0034496F /* GameComponent.h */,
			);
			name = Objects;
			path = Object;
			sourceTree = "<group>";
		};
		01CF75201B45C405003BAB83 /* Utils */ = {
			isa = PBXGroup;
			children = (
				01CF75211B45C40B003BAB83 /* shader.cpp */,
				01CF75221B45C40B003BAB83 /* shader.hpp */,
				01D7BB361B4D6A7700AAC8AE /* ShaderProgram.cpp */,
				01D7BB371B4D6A7700AAC8AE /* ShaderProgram.h */,
			);
			name = Utils;
			sourceTree = "<group>";
		};
		01CF75241B45C47C003BAB83 /* Shaders */ = {
			isa = PBXGroup;
			children = (
				01CF75251B45C51B003BAB83 /* singlecolor.fsh */,
				01CF75261B45C54D003BAB83 /* simpletransform.vsh */,
				017C173E1BA4CD680031F1B9 /* texture_shader.fsh */,
				017C173F1BA4CDE80031F1B9 /* texture_shader.vsh */,
			);
			name = Shaders;
			sourceTree = "<group>";
		};
		01D7BB281B4D4FAC00AAC8AE /* OpenGameEngine */ = {
			isa = PBXGroup;
			children = (
				01D7BB291B4D4FAC00AAC8AE /* Supporting Files */,
			);
			path = OpenGameEngine;
			sourceTree = "<group>";
		};
		01D7BB291B4D4FAC00AAC8AE /* Supporting Files */ = {
			isa = PBXGroup;
			children = (
				01D7BB2A1B4D4FAC00AAC8AE /* Info.plist */,
			);
			name = "Supporting Files";
			sourceTree = "<group>";
		};
		01D7BBA81B4EBD6C00AAC8AE /* Events */ = {
			isa = PBXGroup;
			children = (
				01D7BBA91B4EBD9600AAC8AE /* GameEvent.cpp */,
				01D7BBAA1B4EBD9600AAC8AE /* GameEvent.h */,
				018706E41B5D4BBB00ABFDAE /* GameInputManager.cpp */,
				018706E51B5D4BBB00ABFDAE /* GameInputManager.h */,
			);
			name = Events;
			sourceTree = "<group>";
		};
		01E3F1731DB3C0F9005E4971 /* Frameworks */ = {
			isa = PBXGroup;
			children = (
				010BA10B1DB3C3DE00C59048 /* libglfw3.3.2.dylib */,
				01E3F1741DB3C0F9005E4971 /* libglfw3.a */,
			);
			name = Frameworks;
			sourceTree = "<group>";
		};
/* End PBXGroup section */

/* Begin PBXNativeTarget section */
		013B00EC1B432FA000D1D0B3 /* OpenGLGame */ = {
			isa = PBXNativeTarget;
			buildConfigurationList = 013B00F41B432FA000D1D0B3 /* Build configuration list for PBXNativeTarget "OpenGLGame" */;
			buildPhases = (
				013B00E91B432FA000D1D0B3 /* Sources */,
				013B00EA1B432FA000D1D0B3 /* Frameworks */,
				013B00EB1B432FA000D1D0B3 /* CopyFiles */,
			);
			buildRules = (
			);
			dependencies = (
			);
			name = OpenGLGame;
			productName = OpenGLGame;
			productReference = 013B00ED1B432FA000D1D0B3 /* OpenGLGame */;
			productType = "com.apple.product-type.tool";
		};
		01D7BB261B4D4FAC00AAC8AE /* OpenGameEngine */ = {
			isa = PBXNativeTarget;
			buildConfigurationList = 01D7BB2D1B4D4FAC00AAC8AE /* Build configuration list for PBXNativeTarget "OpenGameEngine" */;
			buildPhases = (
				01D7BB231B4D4FAC00AAC8AE /* Sources */,
				01D7BB241B4D4FAC00AAC8AE /* Frameworks */,
				01D7BB251B4D4FAC00AAC8AE /* Resources */,
			);
			buildRules = (
			);
			dependencies = (
			);
			name = OpenGameEngine;
			productName = OpenGameEngine;
			productReference = 01D7BB271B4D4FAC00AAC8AE /* OpenGameEngine.bundle */;
			productType = "com.apple.product-type.bundle";
		};
/* End PBXNativeTarget section */

/* Begin PBXProject section */
		013B00E51B432FA000D1D0B3 /* Project object */ = {
			isa = PBXProject;
			attributes = {
				LastUpgradeCheck = 0630;
				ORGANIZATIONNAME = "Nick Morrison";
				TargetAttributes = {
					013B00EC1B432FA000D1D0B3 = {
						CreatedOnToolsVersion = 6.3.2;
					};
					01D7BB261B4D4FAC00AAC8AE = {
						CreatedOnToolsVersion = 6.4;
					};
				};
			};
			buildConfigurationList = 013B00E81B432FA000D1D0B3 /* Build configuration list for PBXProject "OpenGameEngine" */;
			compatibilityVersion = "Xcode 3.2";
			developmentRegion = English;
			hasScannedForEncodings = 0;
			knownRegions = (
				en,
			);
			mainGroup = 013B00E41B432FA000D1D0B3;
			productRefGroup = 013B00EE1B432FA000D1D0B3 /* Products */;
			projectDirPath = "";
			projectRoot = "";
			targets = (
				013B00EC1B432FA000D1D0B3 /* OpenGLGame */,
				01D7BB261B4D4FAC00AAC8AE /* OpenGameEngine */,
			);
		};
/* End PBXProject section */

/* Begin PBXResourcesBuildPhase section */
		01D7BB251B4D4FAC00AAC8AE /* Resources */ = {
			isa = PBXResourcesBuildPhase;
			buildActionMask = 2147483647;
			files = (
			);
			runOnlyForDeploymentPostprocessing = 0;
		};
/* End PBXResourcesBuildPhase section */

/* Begin PBXSourcesBuildPhase section */
		013B00E91B432FA000D1D0B3 /* Sources */ = {
			isa = PBXSourcesBuildPhase;
			buildActionMask = 2147483647;
			files = (
				017295E41B544F590006D8DD /* GameCamera.cpp in Sources */,
				01C8CCEA1B4C80BD00D17B17 /* GameDrawable.cpp in Sources */,
				01D7BBAB1B4EBD9600AAC8AE /* GameEvent.cpp in Sources */,
				01E9C7A91BA34BEF0034496F /* GameComponent.cpp in Sources */,
				01D7BB381B4D6A7700AAC8AE /* ShaderProgram.cpp in Sources */,
				01C8CCEB1B4C80BD00D17B17 /* GameObject.cpp in Sources */,
				018706E61B5D4BBB00ABFDAE /* GameInputManager.cpp in Sources */,
				01C8CCEC1B4C80BD00D17B17 /* Shapes.cpp in Sources */,
				01C8CCE21B4C7E6F00D17B17 /* Texture.cpp in Sources */,
				01CF75231B45C40B003BAB83 /* shader.cpp in Sources */,
				01160E8C1B48D39B00632D5F /* GameWindow.cpp in Sources */,
				013B00F11B432FA000D1D0B3 /* main.cpp in Sources */,
			);
			runOnlyForDeploymentPostprocessing = 0;
		};
		01D7BB231B4D4FAC00AAC8AE /* Sources */ = {
			isa = PBXSourcesBuildPhase;
			buildActionMask = 2147483647;
			files = (
				01D7BB2E1B4D4FD400AAC8AE /* GameDrawable.cpp in Sources */,
				01D7BB2F1B4D4FD400AAC8AE /* GameObject.cpp in Sources */,
				01D7BBAC1B4EBD9600AAC8AE /* GameEvent.cpp in Sources */,
				01D7BB301B4D4FD400AAC8AE /* Shapes.cpp in Sources */,
				01D7BB391B4D6A7700AAC8AE /* ShaderProgram.cpp in Sources */,
				01D7BB311B4D4FD400AAC8AE /* Texture.cpp in Sources */,
				01D7BB321B4D4FD400AAC8AE /* GameWindow.cpp in Sources */,
				01D7BB331B4D4FD400AAC8AE /* shader.cpp in Sources */,
			);
			runOnlyForDeploymentPostprocessing = 0;
		};
/* End PBXSourcesBuildPhase section */

/* Begin XCBuildConfiguration section */
		013B00F21B432FA000D1D0B3 /* Debug */ = {
			isa = XCBuildConfiguration;
			buildSettings = {
				ALWAYS_SEARCH_USER_PATHS = NO;
				CLANG_CXX_LANGUAGE_STANDARD = "gnu++0x";
				CLANG_CXX_LIBRARY = "libc++";
				CLANG_ENABLE_MODULES = YES;
				CLANG_ENABLE_OBJC_ARC = YES;
				CLANG_WARN_BOOL_CONVERSION = YES;
				CLANG_WARN_CONSTANT_CONVERSION = YES;
				CLANG_WARN_DIRECT_OBJC_ISA_USAGE = YES_ERROR;
				CLANG_WARN_EMPTY_BODY = YES;
				CLANG_WARN_ENUM_CONVERSION = YES;
				CLANG_WARN_INT_CONVERSION = YES;
				CLANG_WARN_OBJC_ROOT_CLASS = YES_ERROR;
				CLANG_WARN_UNREACHABLE_CODE = YES;
				CLANG_WARN__DUPLICATE_METHOD_MATCH = YES;
				COPY_PHASE_STRIP = NO;
				DEBUG_INFORMATION_FORMAT = dwarf;
				ENABLE_STRICT_OBJC_MSGSEND = YES;
				GCC_C_LANGUAGE_STANDARD = gnu99;
				GCC_DYNAMIC_NO_PIC = NO;
				GCC_NO_COMMON_BLOCKS = YES;
				GCC_OPTIMIZATION_LEVEL = 0;
				GCC_PREPROCESSOR_DEFINITIONS = (
					"DEBUG=1",
					"$(inherited)",
				);
				GCC_SYMBOLS_PRIVATE_EXTERN = NO;
				GCC_WARN_64_TO_32_BIT_CONVERSION = YES;
				GCC_WARN_ABOUT_RETURN_TYPE = YES_ERROR;
				GCC_WARN_UNDECLARED_SELECTOR = YES;
				GCC_WARN_UNINITIALIZED_AUTOS = YES_AGGRESSIVE;
				GCC_WARN_UNUSED_FUNCTION = YES;
				GCC_WARN_UNUSED_VARIABLE = YES;
				MACOSX_DEPLOYMENT_TARGET = 10.10;
				MTL_ENABLE_DEBUG_INFO = YES;
				ONLY_ACTIVE_ARCH = YES;
				SDKROOT = macosx;
			};
			name = Debug;
		};
		013B00F31B432FA000D1D0B3 /* Release */ = {
			isa = XCBuildConfiguration;
			buildSettings = {
				ALWAYS_SEARCH_USER_PATHS = NO;
				CLANG_CXX_LANGUAGE_STANDARD = "gnu++0x";
				CLANG_CXX_LIBRARY = "libc++";
				CLANG_ENABLE_MODULES = YES;
				CLANG_ENABLE_OBJC_ARC = YES;
				CLANG_WARN_BOOL_CONVERSION = YES;
				CLANG_WARN_CONSTANT_CONVERSION = YES;
				CLANG_WARN_DIRECT_OBJC_ISA_USAGE = YES_ERROR;
				CLANG_WARN_EMPTY_BODY = YES;
				CLANG_WARN_ENUM_CONVERSION = YES;
				CLANG_WARN_INT_CONVERSION = YES;
				CLANG_WARN_OBJC_ROOT_CLASS = YES_ERROR;
				CLANG_WARN_UNREACHABLE_CODE = YES;
				CLANG_WARN__DUPLICATE_METHOD_MATCH = YES;
				COPY_PHASE_STRIP = NO;
				DEBUG_INFORMATION_FORMAT = "dwarf-with-dsym";
				ENABLE_NS_ASSERTIONS = NO;
				ENABLE_STRICT_OBJC_MSGSEND = YES;
				GCC_C_LANGUAGE_STANDARD = gnu99;
				GCC_NO_COMMON_BLOCKS = YES;
				GCC_WARN_64_TO_32_BIT_CONVERSION = YES;
				GCC_WARN_ABOUT_RETURN_TYPE = YES_ERROR;
				GCC_WARN_UNDECLARED_SELECTOR = YES;
				GCC_WARN_UNINITIALIZED_AUTOS = YES_AGGRESSIVE;
				GCC_WARN_UNUSED_FUNCTION = YES;
				GCC_WARN_UNUSED_VARIABLE = YES;
				MACOSX_DEPLOYMENT_TARGET = 10.10;
				MTL_ENABLE_DEBUG_INFO = NO;
				SDKROOT = macosx;
			};
			name = Release;
		};
		013B00F51B432FA000D1D0B3 /* Debug */ = {
			isa = XCBuildConfiguration;
			buildSettings = {
				HEADER_SEARCH_PATHS = (
					"$(inherited)",
					/Applications/Xcode.app/Contents/Developer/Toolchains/XcodeDefault.xctoolchain/usr/include,
					/Users/Nick/OpenGLIncludes/glew/include,
					/opt/local/include,
					/usr/local/include,
				);
				INFOPLIST_FILE = "$(SRCROOT)/OpenGameEngine/Info.plist";
				LIBRARY_SEARCH_PATHS = (
					/opt/local/lib,
					/Users/Nick/OpenGLIncludes/glew/lib,
					/usr/local/Cellar/glfw3/3.2.1/lib,
				);
				PRODUCT_NAME = "$(TARGET_NAME)";
			};
			name = Debug;
		};
		013B00F61B432FA000D1D0B3 /* Release */ = {
			isa = XCBuildConfiguration;
			buildSettings = {
				HEADER_SEARCH_PATHS = (
					"$(inherited)",
					/Applications/Xcode.app/Contents/Developer/Toolchains/XcodeDefault.xctoolchain/usr/include,
					/Users/Nick/OpenGLIncludes/glew/include,
					/opt/local/include,
					/usr/local/include,
				);
				INFOPLIST_FILE = "$(SRCROOT)/OpenGameEngine/Info.plist";
				LIBRARY_SEARCH_PATHS = (
					/opt/local/lib,
					/Users/Nick/OpenGLIncludes/glew/lib,
					/usr/local/Cellar/glfw3/3.2.1/lib,
				);
				PRODUCT_NAME = "$(TARGET_NAME)";
			};
			name = Release;
		};
		01D7BB2B1B4D4FAC00AAC8AE /* Debug */ = {
			isa = XCBuildConfiguration;
			buildSettings = {
				COMBINE_HIDPI_IMAGES = YES;
				GCC_PREPROCESSOR_DEFINITIONS = (
					"DEBUG=1",
					"$(inherited)",
				);
				HEADER_SEARCH_PATHS = (
					"$(inherited)",
					/Applications/Xcode.app/Contents/Developer/Toolchains/XcodeDefault.xctoolchain/usr/include,
					/opt/local/include,
				);
				INFOPLIST_FILE = OpenGameEngine/Info.plist;
				INSTALL_PATH = "$(LOCAL_LIBRARY_DIR)/Bundles";
				LIBRARY_SEARCH_PATHS = (
					"$(inherited)",
					/opt/local/lib,
				);
				PRODUCT_NAME = "$(TARGET_NAME)";
				SKIP_INSTALL = YES;
				WRAPPER_EXTENSION = bundle;
			};
			name = Debug;
		};
		01D7BB2C1B4D4FAC00AAC8AE /* Release */ = {
			isa = XCBuildConfiguration;
			buildSettings = {
				COMBINE_HIDPI_IMAGES = YES;
				HEADER_SEARCH_PATHS = (
					"$(inherited)",
					/Applications/Xcode.app/Contents/Developer/Toolchains/XcodeDefault.xctoolchain/usr/include,
					/opt/local/include,
				);
				INFOPLIST_FILE = OpenGameEngine/Info.plist;
				INSTALL_PATH = "$(LOCAL_LIBRARY_DIR)/Bundles";
				LIBRARY_SEARCH_PATHS = (
					"$(inherited)",
					/opt/local/lib,
				);
				PRODUCT_NAME = "$(TARGET_NAME)";
				SKIP_INSTALL = YES;
				WRAPPER_EXTENSION = bundle;
			};
			name = Release;
		};
/* End XCBuildConfiguration section */

/* Begin XCConfigurationList section */
		013B00E81B432FA000D1D0B3 /* Build configuration list for PBXProject "OpenGameEngine" */ = {
			isa = XCConfigurationList;
			buildConfigurations = (
				013B00F21B432FA000D1D0B3 /* Debug */,
				013B00F31B432FA000D1D0B3 /* Release */,
			);
			defaultConfigurationIsVisible = 0;
			defaultConfigurationName = Release;
		};
		013B00F41B432FA000D1D0B3 /* Build configuration list for PBXNativeTarget "OpenGLGame" */ = {
			isa = XCConfigurationList;
			buildConfigurations = (
				013B00F51B432FA000D1D0B3 /* Debug */,
				013B00F61B432FA000D1D0B3 /* Release */,
			);
			defaultConfigurationIsVisible = 0;
			defaultConfigurationName = Release;
		};
		01D7BB2D1B4D4FAC00AAC8AE /* Build configuration list for PBXNativeTarget "OpenGameEngine" */ = {
			isa = XCConfigurationList;
			buildConfigurations = (
				01D7BB2B1B4D4FAC00AAC8AE /* Debug */,
				01D7BB2C1B4D4FAC00AAC8AE /* Release */,
			);
			defaultConfigurationIsVisible = 0;
			defaultConfigurationName = Release;
		};
/* End XCConfigurationList section */
	};
	rootObject = 013B00E51B432FA000D1D0B3 /* Project object */;
}
